
Microsoft Visual Studio Solution File, Format Version 12.00
# Visual Studio Version 17
VisualStudioVersion = 17.3.32804.467
MinimumVisualStudioVersion = 10.0.40219.1
Project("{FAE04EC0-301F-11D3-BF4B-00C04F79EFBC}") = "5-DatabaseFirst-NetCoreEntityFramework", "5-DatabaseFirst-NetCoreEntityFramework\5-DatabaseFirst-NetCoreEntityFramework.csproj", "{F6EE4C4D-4949-4ED6-9874-4953260E71E1}"
EndProject
Global
	GlobalSection(SolutionConfigurationPlatforms) = preSolution
		Debug|Any CPU = Debug|Any CPU
		Release|Any CPU = Release|Any CPU
	EndGlobalSection
	GlobalSection(ProjectConfigurationPlatforms) = postSolution
		{F6EE4C4D-4949-4ED6-9874-4953260E71E1}.Debug|Any CPU.ActiveCfg = Debug|Any CPU
		{F6EE4C4D-4949-4ED6-9874-4953260E71E1}.Debug|Any CPU.Build.0 = Debug|Any CPU
		{F6EE4C4D-4949-4ED6-9874-4953260E71E1}.Release|Any CPU.ActiveCfg = Release|Any CPU
		{F6EE4C4D-4949-4ED6-9874-4953260E71E1}.Release|Any CPU.Build.0 = Release|Any CPU
	EndGlobalSection
	GlobalSection(SolutionProperties) = preSolution
		HideSolutionNode = FALSE
	EndGlobalSection
	GlobalSection(ExtensibilityGlobals) = postSolution
		SolutionGuid = {6418CF34-56E5-47F1-9B54-2503271B6A7C}
	EndGlobalSection
EndGlobal
